
Microsoft Visual Studio Solution File, Format Version 12.00
# Visual Studio Version 16
VisualStudioVersion = 16.0.30804.86
MinimumVisualStudioVersion = 10.0.40219.1
Project("{FAE04EC0-301F-11D3-BF4B-00C04F79EFBC}") = "Presentation", "Inventory_Management_Systems\Presentation.csproj", "{27DF0F7E-EEB7-48C7-8559-82D55B195EB3}"
EndProject
Project("{FAE04EC0-301F-11D3-BF4B-00C04F79EFBC}") = "Domain", "Domain\Domain.csproj", "{4BCE5F20-363E-4671-B098-1071CBCED644}"
EndProject
Project("{FAE04EC0-301F-11D3-BF4B-00C04F79EFBC}") = "DataAccess", "DataAccess\DataAccess.csproj", "{BED7C79F-E405-4CC7-9569-CA66D8BC85F8}"
EndProject
Project("{FAE04EC0-301F-11D3-BF4B-00C04F79EFBC}") = "Common", "Common\Common.csproj", "{35B96220-71B7-492E-A593-2DEEE6809C31}"
EndProject
Global
	GlobalSection(SolutionConfigurationPlatforms) = preSolution
		Debug|Any CPU = Debug|Any CPU
		Release|Any CPU = Release|Any CPU
	EndGlobalSection
	GlobalSection(ProjectConfigurationPlatforms) = postSolution
		{27DF0F7E-EEB7-48C7-8559-82D55B195EB3}.Debug|Any CPU.ActiveCfg = Debug|Any CPU
		{27DF0F7E-EEB7-48C7-8559-82D55B195EB3}.Debug|Any CPU.Build.0 = Debug|Any CPU
		{27DF0F7E-EEB7-48C7-8559-82D55B195EB3}.Release|Any CPU.ActiveCfg = Release|Any CPU
		{27DF0F7E-EEB7-48C7-8559-82D55B195EB3}.Release|Any CPU.Build.0 = Release|Any CPU
		{4BCE5F20-363E-4671-B098-1071CBCED644}.Debug|Any CPU.ActiveCfg = Debug|Any CPU
		{4BCE5F20-363E-4671-B098-1071CBCED644}.Debug|Any CPU.Build.0 = Debug|Any CPU
		{4BCE5F20-363E-4671-B098-1071CBCED644}.Release|Any CPU.ActiveCfg = Release|Any CPU
		{4BCE5F20-363E-4671-B098-1071CBCED644}.Release|Any CPU.Build.0 = Release|Any CPU
		{BED7C79F-E405-4CC7-9569-CA66D8BC85F8}.Debug|Any CPU.ActiveCfg = Debug|Any CPU
		{BED7C79F-E405-4CC7-9569-CA66D8BC85F8}.Debug|Any CPU.Build.0 = Debug|Any CPU
		{BED7C79F-E405-4CC7-9569-CA66D8BC85F8}.Release|Any CPU.ActiveCfg = Release|Any CPU
		{BED7C79F-E405-4CC7-9569-CA66D8BC85F8}.Release|Any CPU.Build.0 = Release|Any CPU
		{35B96220-71B7-492E-A593-2DEEE6809C31}.Debug|Any CPU.ActiveCfg = Debug|Any CPU
		{35B96220-71B7-492E-A593-2DEEE6809C31}.Debug|Any CPU.Build.0 = Debug|Any CPU
		{35B96220-71B7-492E-A593-2DEEE6809C31}.Release|Any CPU.ActiveCfg = Release|Any CPU
		{35B96220-71B7-492E-A593-2DEEE6809C31}.Release|Any CPU.Build.0 = Release|Any CPU
	EndGlobalSection
	GlobalSection(SolutionProperties) = preSolution
		HideSolutionNode = FALSE
	EndGlobalSection
	GlobalSection(ExtensibilityGlobals) = postSolution
		SolutionGuid = {AC4667C2-AB2B-46C9-8B28-9B2A8CA9D421}
	EndGlobalSection
EndGlobal
